
Microsoft Visual Studio Solution File, Format Version 12.00
# Visual Studio Version 17
VisualStudioVersion = 17.4.33122.133
MinimumVisualStudioVersion = 10.0.40219.1
Project("{9A19103F-16F7-4668-BE54-9A1E7A4F7556}") = "UpdateService", "UpdateService\UpdateService.csproj", "{8F9FEC44-893C-4527-B441-38D27FCFA786}"
EndProject
Project("{FAE04EC0-301F-11D3-BF4B-00C04F79EFBC}") = "UpdateService.Infrastructure", "UpdateService.Infrastructure\UpdateService.Infrastructure.csproj", "{41CD71D2-16E3-4867-9861-BBF992CD0304}"
EndProject
Project("{FAE04EC0-301F-11D3-BF4B-00C04F79EFBC}") = "UpdateService.Domain", "UpdateService.Domain\UpdateService.Domain.csproj", "{AFA47EBA-89A4-46FE-8F84-1887A48C5BC0}"
EndProject
Global
	GlobalSection(SolutionConfigurationPlatforms) = preSolution
		Debug|Any CPU = Debug|Any CPU
		Release|Any CPU = Release|Any CPU
	EndGlobalSection
	GlobalSection(ProjectConfigurationPlatforms) = postSolution
		{8F9FEC44-893C-4527-B441-38D27FCFA786}.Debug|Any CPU.ActiveCfg = Debug|Any CPU
		{8F9FEC44-893C-4527-B441-38D27FCFA786}.Debug|Any CPU.Build.0 = Debug|Any CPU
		{8F9FEC44-893C-4527-B441-38D27FCFA786}.Release|Any CPU.ActiveCfg = Release|Any CPU
		{8F9FEC44-893C-4527-B441-38D27FCFA786}.Release|Any CPU.Build.0 = Release|Any CPU
		{41CD71D2-16E3-4867-9861-BBF992CD0304}.Debug|Any CPU.ActiveCfg = Debug|Any CPU
		{41CD71D2-16E3-4867-9861-BBF992CD0304}.Debug|Any CPU.Build.0 = Debug|Any CPU
		{41CD71D2-16E3-4867-9861-BBF992CD0304}.Release|Any CPU.ActiveCfg = Release|Any CPU
		{41CD71D2-16E3-4867-9861-BBF992CD0304}.Release|Any CPU.Build.0 = Release|Any CPU
		{AFA47EBA-89A4-46FE-8F84-1887A48C5BC0}.Debug|Any CPU.ActiveCfg = Debug|Any CPU
		{AFA47EBA-89A4-46FE-8F84-1887A48C5BC0}.Debug|Any CPU.Build.0 = Debug|Any CPU
		{AFA47EBA-89A4-46FE-8F84-1887A48C5BC0}.Release|Any CPU.ActiveCfg = Release|Any CPU
		{AFA47EBA-89A4-46FE-8F84-1887A48C5BC0}.Release|Any CPU.Build.0 = Release|Any CPU
	EndGlobalSection
	GlobalSection(SolutionProperties) = preSolution
		HideSolutionNode = FALSE
	EndGlobalSection
	GlobalSection(ExtensibilityGlobals) = postSolution
		SolutionGuid = {FFD2F38C-77BF-4E83-9029-4CB23D1AD9F2}
	EndGlobalSection
EndGlobal
